// !$*UTF8*$!
{
	archiveVersion = 1;
	classes = {
	};
	objectVersion = 55;
	objects = {

/* Begin PBXBuildFile section */
		DA2F6AC028245C3800ADE780 /* ListViewController.swift in Sources */ = {isa = PBXBuildFile; fileRef = DA2F6ABF28245C3800ADE780 /* ListViewController.swift */; };
		DA2F6AC228245FE100ADE780 /* ListModel.swift in Sources */ = {isa = PBXBuildFile; fileRef = DA2F6AC128245FE100ADE780 /* ListModel.swift */; };
		DA2F6AC42824633200ADE780 /* CustomListCell.swift in Sources */ = {isa = PBXBuildFile; fileRef = DA2F6AC32824633200ADE780 /* CustomListCell.swift */; };
		DA4D1E3C282113BE001A66C9 /* CurrentURLManager.swift in Sources */ = {isa = PBXBuildFile; fileRef = DA4D1E3B282113BE001A66C9 /* CurrentURLManager.swift */; };
		DA4D1E4428213C2F001A66C9 /* PurchaseCell.xib in Resources */ = {isa = PBXBuildFile; fileRef = DA4D1E4328213C2F001A66C9 /* PurchaseCell.xib */; };
		DA563E0C2822B65400445AA9 /* FavoritePurchase.xcdatamodeld in Sources */ = {isa = PBXBuildFile; fileRef = DA563E0A2822B65400445AA9 /* FavoritePurchase.xcdatamodeld */; };
		DA563E102822D21D00445AA9 /* Main.storyboard in Resources */ = {isa = PBXBuildFile; fileRef = DA563E0F2822D21D00445AA9 /* Main.storyboard */; };
		DA563E122822DA2300445AA9 /* FavoritesViewController.swift in Sources */ = {isa = PBXBuildFile; fileRef = DA563E112822DA2300445AA9 /* FavoritesViewController.swift */; };
		DA7D1B2628226EFD005451B6 /* .gitignore in Resources */ = {isa = PBXBuildFile; fileRef = DA7D1B2528226EFD005451B6 /* .gitignore */; };
		DAD5E5B3282019A700C4261A /* AppDelegate.swift in Sources */ = {isa = PBXBuildFile; fileRef = DAD5E5B2282019A700C4261A /* AppDelegate.swift */; };
		DAD5E5B5282019A700C4261A /* SceneDelegate.swift in Sources */ = {isa = PBXBuildFile; fileRef = DAD5E5B4282019A700C4261A /* SceneDelegate.swift */; };
		DAD5E5B7282019A700C4261A /* PurchasesViewController.swift in Sources */ = {isa = PBXBuildFile; fileRef = DAD5E5B6282019A700C4261A /* PurchasesViewController.swift */; };
		DAD5E5BC282019A700C4261A /* Assets.xcassets in Resources */ = {isa = PBXBuildFile; fileRef = DAD5E5BB282019A700C4261A /* Assets.xcassets */; };
		DAD5E5BF282019A700C4261A /* LaunchScreen.storyboard in Resources */ = {isa = PBXBuildFile; fileRef = DAD5E5BD282019A700C4261A /* LaunchScreen.storyboard */; };
		DAD5E5C828201A0500C4261A /* NetworkManager.swift in Sources */ = {isa = PBXBuildFile; fileRef = DAD5E5C728201A0500C4261A /* NetworkManager.swift */; };
		DAD5E5CB28201A0F00C4261A /* CustomPurchaseCell.swift in Sources */ = {isa = PBXBuildFile; fileRef = DAD5E5C928201A0F00C4261A /* CustomPurchaseCell.swift */; };
		DAD5E5CC28201A0F00C4261A /* PurchasesModel.swift in Sources */ = {isa = PBXBuildFile; fileRef = DAD5E5CA28201A0F00C4261A /* PurchasesModel.swift */; };
		DAD5E5CE2820246000C4261A /* MainViewController.swift in Sources */ = {isa = PBXBuildFile; fileRef = DAD5E5CD2820246000C4261A /* MainViewController.swift */; };
		DAD9E0FA28204E21007F5D67 /* Extensions.swift in Sources */ = {isa = PBXBuildFile; fileRef = DAD9E0F928204E21007F5D67 /* Extensions.swift */; };
/* End PBXBuildFile section */

/* Begin PBXFileReference section */
		DA2F6ABF28245C3800ADE780 /* ListViewController.swift */ = {isa = PBXFileReference; lastKnownFileType = sourcecode.swift; path = ListViewController.swift; sourceTree = "<group>"; };
		DA2F6AC128245FE100ADE780 /* ListModel.swift */ = {isa = PBXFileReference; lastKnownFileType = sourcecode.swift; path = ListModel.swift; sourceTree = "<group>"; };
		DA2F6AC32824633200ADE780 /* CustomListCell.swift */ = {isa = PBXFileReference; lastKnownFileType = sourcecode.swift; path = CustomListCell.swift; sourceTree = "<group>"; };
		DA4D1E3B282113BE001A66C9 /* CurrentURLManager.swift */ = {isa = PBXFileReference; lastKnownFileType = sourcecode.swift; path = CurrentURLManager.swift; sourceTree = "<group>"; };
		DA4D1E4328213C2F001A66C9 /* PurchaseCell.xib */ = {isa = PBXFileReference; lastKnownFileType = file.xib; path = PurchaseCell.xib; sourceTree = "<group>"; };
		DA563E0B2822B65400445AA9 /* FavoritePurchase.xcdatamodel */ = {isa = PBXFileReference; lastKnownFileType = wrapper.xcdatamodel; path = FavoritePurchase.xcdatamodel; sourceTree = "<group>"; };
		DA563E0F2822D21D00445AA9 /* Main.storyboard */ = {isa = PBXFileReference; fileEncoding = 4; lastKnownFileType = file.storyboard; path = Main.storyboard; sourceTree = "<group>"; };
		DA563E112822DA2300445AA9 /* FavoritesViewController.swift */ = {isa = PBXFileReference; lastKnownFileType = sourcecode.swift; path = FavoritesViewController.swift; sourceTree = "<group>"; };
		DA7D1B2528226EFD005451B6 /* .gitignore */ = {isa = PBXFileReference; lastKnownFileType = text; path = .gitignore; sourceTree = "<group>"; };
		DAD5E5AF282019A700C4261A /* GZ.app */ = {isa = PBXFileReference; explicitFileType = wrapper.application; includeInIndex = 0; path = GZ.app; sourceTree = BUILT_PRODUCTS_DIR; };
		DAD5E5B2282019A700C4261A /* AppDelegate.swift */ = {isa = PBXFileReference; lastKnownFileType = sourcecode.swift; path = AppDelegate.swift; sourceTree = "<group>"; };
		DAD5E5B4282019A700C4261A /* SceneDelegate.swift */ = {isa = PBXFileReference; lastKnownFileType = sourcecode.swift; path = SceneDelegate.swift; sourceTree = "<group>"; };
		DAD5E5B6282019A700C4261A /* PurchasesViewController.swift */ = {isa = PBXFileReference; lastKnownFileType = sourcecode.swift; path = PurchasesViewController.swift; sourceTree = "<group>"; };
		DAD5E5BB282019A700C4261A /* Assets.xcassets */ = {isa = PBXFileReference; lastKnownFileType = folder.assetcatalog; path = Assets.xcassets; sourceTree = "<group>"; };
		DAD5E5BE282019A700C4261A /* Base */ = {isa = PBXFileReference; lastKnownFileType = file.storyboard; name = Base; path = Base.lproj/LaunchScreen.storyboard; sourceTree = "<group>"; };
		DAD5E5C0282019A700C4261A /* Info.plist */ = {isa = PBXFileReference; lastKnownFileType = text.plist.xml; path = Info.plist; sourceTree = "<group>"; };
		DAD5E5C728201A0500C4261A /* NetworkManager.swift */ = {isa = PBXFileReference; fileEncoding = 4; lastKnownFileType = sourcecode.swift; path = NetworkManager.swift; sourceTree = "<group>"; };
		DAD5E5C928201A0F00C4261A /* CustomPurchaseCell.swift */ = {isa = PBXFileReference; fileEncoding = 4; lastKnownFileType = sourcecode.swift; path = CustomPurchaseCell.swift; sourceTree = "<group>"; };
		DAD5E5CA28201A0F00C4261A /* PurchasesModel.swift */ = {isa = PBXFileReference; fileEncoding = 4; lastKnownFileType = sourcecode.swift; path = PurchasesModel.swift; sourceTree = "<group>"; };
		DAD5E5CD2820246000C4261A /* MainViewController.swift */ = {isa = PBXFileReference; lastKnownFileType = sourcecode.swift; path = MainViewController.swift; sourceTree = "<group>"; };
		DAD9E0F928204E21007F5D67 /* Extensions.swift */ = {isa = PBXFileReference; lastKnownFileType = sourcecode.swift; path = Extensions.swift; sourceTree = "<group>"; };
/* End PBXFileReference section */

/* Begin PBXFrameworksBuildPhase section */
		DAD5E5AC282019A700C4261A /* Frameworks */ = {
			isa = PBXFrameworksBuildPhase;
			buildActionMask = 2147483647;
			files = (
			);
			runOnlyForDeploymentPostprocessing = 0;
		};
/* End PBXFrameworksBuildPhase section */

/* Begin PBXGroup section */
		DA4D1E3D282135C2001A66C9 /* Network */ = {
			isa = PBXGroup;
			children = (
				DAD5E5C728201A0500C4261A /* NetworkManager.swift */,
				DA4D1E3B282113BE001A66C9 /* CurrentURLManager.swift */,
			);
			path = Network;
			sourceTree = "<group>";
		};
		DA4D1E3E282135D0001A66C9 /* Supporting Files */ = {
			isa = PBXGroup;
			children = (
				DAD9E0F928204E21007F5D67 /* Extensions.swift */,
				DAD5E5BB282019A700C4261A /* Assets.xcassets */,
				DA7D1B2528226EFD005451B6 /* .gitignore */,
				DAD5E5C0282019A700C4261A /* Info.plist */,
			);
			path = "Supporting Files";
			sourceTree = "<group>";
		};
		DA4D1E3F282135F9001A66C9 /* View */ = {
			isa = PBXGroup;
			children = (
				DA563E0F2822D21D00445AA9 /* Main.storyboard */,
				DAD5E5BD282019A700C4261A /* LaunchScreen.storyboard */,
				DA4D1E4328213C2F001A66C9 /* PurchaseCell.xib */,
				DAD5E5C928201A0F00C4261A /* CustomPurchaseCell.swift */,
				DA2F6AC32824633200ADE780 /* CustomListCell.swift */,
			);
			path = View;
			sourceTree = "<group>";
		};
		DA4D1E4128213625001A66C9 /* Controllers */ = {
			isa = PBXGroup;
			children = (
				DAD5E5B2282019A700C4261A /* AppDelegate.swift */,
				DAD5E5B4282019A700C4261A /* SceneDelegate.swift */,
				DAD5E5CD2820246000C4261A /* MainViewController.swift */,
				DAD5E5B6282019A700C4261A /* PurchasesViewController.swift */,
				DA563E112822DA2300445AA9 /* FavoritesViewController.swift */,
				DA2F6ABF28245C3800ADE780 /* ListViewController.swift */,
			);
			path = Controllers;
			sourceTree = "<group>";
		};
		DA4D1E422821363B001A66C9 /* Models */ = {
			isa = PBXGroup;
			children = (
				DAD5E5CA28201A0F00C4261A /* PurchasesModel.swift */,
				DA2F6AC128245FE100ADE780 /* ListModel.swift */,
				DA563E0A2822B65400445AA9 /* FavoritePurchase.xcdatamodeld */,
			);
			path = Models;
			sourceTree = "<group>";
		};
		DAD5E5A6282019A700C4261A = {
			isa = PBXGroup;
			children = (
				DAD5E5B1282019A700C4261A /* GZ */,
				DAD5E5B0282019A700C4261A /* Products */,
			);
			sourceTree = "<group>";
		};
		DAD5E5B0282019A700C4261A /* Products */ = {
			isa = PBXGroup;
			children = (
				DAD5E5AF282019A700C4261A /* GZ.app */,
			);
			name = Products;
			sourceTree = "<group>";
		};
		DAD5E5B1282019A700C4261A /* GZ */ = {
			isa = PBXGroup;
			children = (
				DA4D1E3D282135C2001A66C9 /* Network */,
				DA4D1E422821363B001A66C9 /* Models */,
				DA4D1E3F282135F9001A66C9 /* View */,
				DA4D1E4128213625001A66C9 /* Controllers */,
				DA4D1E3E282135D0001A66C9 /* Supporting Files */,
			);
			path = GZ;
			sourceTree = "<group>";
		};
/* End PBXGroup section */

/* Begin PBXNativeTarget section */
		DAD5E5AE282019A700C4261A /* GZ */ = {
			isa = PBXNativeTarget;
			buildConfigurationList = DAD5E5C3282019A700C4261A /* Build configuration list for PBXNativeTarget "GZ" */;
			buildPhases = (
				DAD5E5AB282019A700C4261A /* Sources */,
				DAD5E5AC282019A700C4261A /* Frameworks */,
				DAD5E5AD282019A700C4261A /* Resources */,
			);
			buildRules = (
			);
			dependencies = (
			);
			name = GZ;
			productName = GZ;
			productReference = DAD5E5AF282019A700C4261A /* GZ.app */;
			productType = "com.apple.product-type.application";
		};
/* End PBXNativeTarget section */

/* Begin PBXProject section */
		DAD5E5A7282019A700C4261A /* Project object */ = {
			isa = PBXProject;
			attributes = {
				BuildIndependentTargetsInParallel = 1;
				LastSwiftUpdateCheck = 1330;
				LastUpgradeCheck = 1330;
				TargetAttributes = {
					DAD5E5AE282019A700C4261A = {
						CreatedOnToolsVersion = 13.3.1;
					};
				};
			};
			buildConfigurationList = DAD5E5AA282019A700C4261A /* Build configuration list for PBXProject "GZ" */;
			compatibilityVersion = "Xcode 13.0";
			developmentRegion = en;
			hasScannedForEncodings = 0;
			knownRegions = (
				en,
				Base,
			);
			mainGroup = DAD5E5A6282019A700C4261A;
			productRefGroup = DAD5E5B0282019A700C4261A /* Products */;
			projectDirPath = "";
			projectRoot = "";
			targets = (
				DAD5E5AE282019A700C4261A /* GZ */,
			);
		};
/* End PBXProject section */

/* Begin PBXResourcesBuildPhase section */
		DAD5E5AD282019A700C4261A /* Resources */ = {
			isa = PBXResourcesBuildPhase;
			buildActionMask = 2147483647;
			files = (
				DA7D1B2628226EFD005451B6 /* .gitignore in Resources */,
				DA563E102822D21D00445AA9 /* Main.storyboard in Resources */,
				DA4D1E4428213C2F001A66C9 /* PurchaseCell.xib in Resources */,
				DAD5E5BF282019A700C4261A /* LaunchScreen.storyboard in Resources */,
				DAD5E5BC282019A700C4261A /* Assets.xcassets in Resources */,
			);
			runOnlyForDeploymentPostprocessing = 0;
		};
/* End PBXResourcesBuildPhase section */

/* Begin PBXSourcesBuildPhase section */
		DAD5E5AB282019A700C4261A /* Sources */ = {
			isa = PBXSourcesBuildPhase;
			buildActionMask = 2147483647;
			files = (
				DAD5E5CE2820246000C4261A /* MainViewController.swift in Sources */,
				DAD5E5C828201A0500C4261A /* NetworkManager.swift in Sources */,
				DA563E0C2822B65400445AA9 /* FavoritePurchase.xcdatamodeld in Sources */,
				DAD5E5B7282019A700C4261A /* PurchasesViewController.swift in Sources */,
				DAD9E0FA28204E21007F5D67 /* Extensions.swift in Sources */,
				DAD5E5CB28201A0F00C4261A /* CustomPurchaseCell.swift in Sources */,
				DAD5E5B3282019A700C4261A /* AppDelegate.swift in Sources */,
				DAD5E5CC28201A0F00C4261A /* PurchasesModel.swift in Sources */,
				DAD5E5B5282019A700C4261A /* SceneDelegate.swift in Sources */,
				DA563E122822DA2300445AA9 /* FavoritesViewController.swift in Sources */,
				DA2F6AC42824633200ADE780 /* CustomListCell.swift in Sources */,
				DA2F6AC228245FE100ADE780 /* ListModel.swift in Sources */,
				DA2F6AC028245C3800ADE780 /* ListViewController.swift in Sources */,
				DA4D1E3C282113BE001A66C9 /* CurrentURLManager.swift in Sources */,
			);
			runOnlyForDeploymentPostprocessing = 0;
		};
/* End PBXSourcesBuildPhase section */

/* Begin PBXVariantGroup section */
		DAD5E5BD282019A700C4261A /* LaunchScreen.storyboard */ = {
			isa = PBXVariantGroup;
			children = (
				DAD5E5BE282019A700C4261A /* Base */,
			);
			name = LaunchScreen.storyboard;
			sourceTree = "<group>";
		};
/* End PBXVariantGroup section */

/* Begin XCBuildConfiguration section */
		DAD5E5C1282019A700C4261A /* Debug */ = {
			isa = XCBuildConfiguration;
			buildSettings = {
				ALWAYS_SEARCH_USER_PATHS = NO;
				CLANG_ANALYZER_NONNULL = YES;
				CLANG_ANALYZER_NUMBER_OBJECT_CONVERSION = YES_AGGRESSIVE;
				CLANG_CXX_LANGUAGE_STANDARD = "gnu++17";
				CLANG_ENABLE_MODULES = YES;
				CLANG_ENABLE_OBJC_ARC = YES;
				CLANG_ENABLE_OBJC_WEAK = YES;
				CLANG_WARN_BLOCK_CAPTURE_AUTORELEASING = YES;
				CLANG_WARN_BOOL_CONVERSION = YES;
				CLANG_WARN_COMMA = YES;
				CLANG_WARN_CONSTANT_CONVERSION = YES;
				CLANG_WARN_DEPRECATED_OBJC_IMPLEMENTATIONS = YES;
				CLANG_WARN_DIRECT_OBJC_ISA_USAGE = YES_ERROR;
				CLANG_WARN_DOCUMENTATION_COMMENTS = YES;
				CLANG_WARN_EMPTY_BODY = YES;
				CLANG_WARN_ENUM_CONVERSION = YES;
				CLANG_WARN_INFINITE_RECURSION = YES;
				CLANG_WARN_INT_CONVERSION = YES;
				CLANG_WARN_NON_LITERAL_NULL_CONVERSION = YES;
				CLANG_WARN_OBJC_IMPLICIT_RETAIN_SELF = YES;
				CLANG_WARN_OBJC_LITERAL_CONVERSION = YES;
				CLANG_WARN_OBJC_ROOT_CLASS = YES_ERROR;
				CLANG_WARN_QUOTED_INCLUDE_IN_FRAMEWORK_HEADER = YES;
				CLANG_WARN_RANGE_LOOP_ANALYSIS = YES;
				CLANG_WARN_STRICT_PROTOTYPES = YES;
				CLANG_WARN_SUSPICIOUS_MOVE = YES;
				CLANG_WARN_UNGUARDED_AVAILABILITY = YES_AGGRESSIVE;
				CLANG_WARN_UNREACHABLE_CODE = YES;
				CLANG_WARN__DUPLICATE_METHOD_MATCH = YES;
				COPY_PHASE_STRIP = NO;
				DEBUG_INFORMATION_FORMAT = dwarf;
				ENABLE_STRICT_OBJC_MSGSEND = YES;
				ENABLE_TESTABILITY = YES;
				GCC_C_LANGUAGE_STANDARD = gnu11;
				GCC_DYNAMIC_NO_PIC = NO;
				GCC_NO_COMMON_BLOCKS = YES;
				GCC_OPTIMIZATION_LEVEL = 0;
				GCC_PREPROCESSOR_DEFINITIONS = (
					"DEBUG=1",
					"$(inherited)",
				);
				GCC_WARN_64_TO_32_BIT_CONVERSION = YES;
				GCC_WARN_ABOUT_RETURN_TYPE = YES_ERROR;
				GCC_WARN_UNDECLARED_SELECTOR = YES;
				GCC_WARN_UNINITIALIZED_AUTOS = YES_AGGRESSIVE;
				GCC_WARN_UNUSED_FUNCTION = YES;
				GCC_WARN_UNUSED_VARIABLE = YES;
				IPHONEOS_DEPLOYMENT_TARGET = 15.0;
				MTL_ENABLE_DEBUG_INFO = INCLUDE_SOURCE;
				MTL_FAST_MATH = YES;
				ONLY_ACTIVE_ARCH = YES;
				SDKROOT = iphoneos;
				SWIFT_ACTIVE_COMPILATION_CONDITIONS = DEBUG;
				SWIFT_OPTIMIZATION_LEVEL = "-Onone";
			};
			name = Debug;
		};
		DAD5E5C2282019A700C4261A /* Release */ = {
			isa = XCBuildConfiguration;
			buildSettings = {
				ALWAYS_SEARCH_USER_PATHS = NO;
				CLANG_ANALYZER_NONNULL = YES;
				CLANG_ANALYZER_NUMBER_OBJECT_CONVERSION = YES_AGGRESSIVE;
				CLANG_CXX_LANGUAGE_STANDARD = "gnu++17";
				CLANG_ENABLE_MODULES = YES;
				CLANG_ENABLE_OBJC_ARC = YES;
				CLANG_ENABLE_OBJC_WEAK = YES;
				CLANG_WARN_BLOCK_CAPTURE_AUTORELEASING = YES;
				CLANG_WARN_BOOL_CONVERSION = YES;
				CLANG_WARN_COMMA = YES;
				CLANG_WARN_CONSTANT_CONVERSION = YES;
				CLANG_WARN_DEPRECATED_OBJC_IMPLEMENTATIONS = YES;
				CLANG_WARN_DIRECT_OBJC_ISA_USAGE = YES_ERROR;
				CLANG_WARN_DOCUMENTATION_COMMENTS = YES;
				CLANG_WARN_EMPTY_BODY = YES;
				CLANG_WARN_ENUM_CONVERSION = YES;
				CLANG_WARN_INFINITE_RECURSION = YES;
				CLANG_WARN_INT_CONVERSION = YES;
				CLANG_WARN_NON_LITERAL_NULL_CONVERSION = YES;
				CLANG_WARN_OBJC_IMPLICIT_RETAIN_SELF = YES;
				CLANG_WARN_OBJC_LITERAL_CONVERSION = YES;
				CLANG_WARN_OBJC_ROOT_CLASS = YES_ERROR;
				CLANG_WARN_QUOTED_INCLUDE_IN_FRAMEWORK_HEADER = YES;
				CLANG_WARN_RANGE_LOOP_ANALYSIS = YES;
				CLANG_WARN_STRICT_PROTOTYPES = YES;
				CLANG_WARN_SUSPICIOUS_MOVE = YES;
				CLANG_WARN_UNGUARDED_AVAILABILITY = YES_AGGRESSIVE;
				CLANG_WARN_UNREACHABLE_CODE = YES;
				CLANG_WARN__DUPLICATE_METHOD_MATCH = YES;
				COPY_PHASE_STRIP = NO;
				DEBUG_INFORMATION_FORMAT = "dwarf-with-dsym";
				ENABLE_NS_ASSERTIONS = NO;
				ENABLE_STRICT_OBJC_MSGSEND = YES;
				GCC_C_LANGUAGE_STANDARD = gnu11;
				GCC_NO_COMMON_BLOCKS = YES;
				GCC_WARN_64_TO_32_BIT_CONVERSION = YES;
				GCC_WARN_ABOUT_RETURN_TYPE = YES_ERROR;
				GCC_WARN_UNDECLARED_SELECTOR = YES;
				GCC_WARN_UNINITIALIZED_AUTOS = YES_AGGRESSIVE;
				GCC_WARN_UNUSED_FUNCTION = YES;
				GCC_WARN_UNUSED_VARIABLE = YES;
				IPHONEOS_DEPLOYMENT_TARGET = 15.0;
				MTL_ENABLE_DEBUG_INFO = NO;
				MTL_FAST_MATH = YES;
				SDKROOT = iphoneos;
				SWIFT_COMPILATION_MODE = wholemodule;
				SWIFT_OPTIMIZATION_LEVEL = "-O";
				VALIDATE_PRODUCT = YES;
			};
			name = Release;
		};
		DAD5E5C4282019A700C4261A /* Debug */ = {
			isa = XCBuildConfiguration;
			buildSettings = {
				ASSETCATALOG_COMPILER_APPICON_NAME = AppIcon;
				ASSETCATALOG_COMPILER_GLOBAL_ACCENT_COLOR_NAME = AccentColor;
				CODE_SIGN_STYLE = Automatic;
				CURRENT_PROJECT_VERSION = 1;
				DEVELOPMENT_TEAM = KG89CXC5J4;
				GENERATE_INFOPLIST_FILE = YES;
				INFOPLIST_FILE = "GZ/Supporting Files/Info.plist";
				INFOPLIST_KEY_UIApplicationSupportsIndirectInputEvents = YES;
				INFOPLIST_KEY_UILaunchStoryboardName = LaunchScreen;
				INFOPLIST_KEY_UIMainStoryboardFile = Main;
				INFOPLIST_KEY_UISupportedInterfaceOrientations = UIInterfaceOrientationPortrait;
				INFOPLIST_KEY_UISupportedInterfaceOrientations_iPad = "UIInterfaceOrientationPortrait UIInterfaceOrientationPortraitUpsideDown UIInterfaceOrientationLandscapeLeft UIInterfaceOrientationLandscapeRight";
				INFOPLIST_KEY_UISupportedInterfaceOrientations_iPhone = UIInterfaceOrientationPortrait;
				LD_RUNPATH_SEARCH_PATHS = (
					"$(inherited)",
					"@executable_path/Frameworks",
				);
				MARKETING_VERSION = 1.0;
				PRODUCT_BUNDLE_IDENTIFIER = mttm1249.GZ;
				PRODUCT_NAME = "$(TARGET_NAME)";
				SWIFT_EMIT_LOC_STRINGS = YES;
				SWIFT_VERSION = 5.0;
				TARGETED_DEVICE_FAMILY = 1;
			};
			name = Debug;
		};
		DAD5E5C5282019A700C4261A /* Release */ = {
			isa = XCBuildConfiguration;
			buildSettings = {
				ASSETCATALOG_COMPILER_APPICON_NAME = AppIcon;
				ASSETCATALOG_COMPILER_GLOBAL_ACCENT_COLOR_NAME = AccentColor;
				CODE_SIGN_STYLE = Automatic;
				CURRENT_PROJECT_VERSION = 1;
				DEVELOPMENT_TEAM = KG89CXC5J4;
				GENERATE_INFOPLIST_FILE = YES;
				INFOPLIST_FILE = "GZ/Supporting Files/Info.plist";
				INFOPLIST_KEY_UIApplicationSupportsIndirectInputEvents = YES;
				INFOPLIST_KEY_UILaunchStoryboardName = LaunchScreen;
				INFOPLIST_KEY_UIMainStoryboardFile = Main;
				INFOPLIST_KEY_UISupportedInterfaceOrientations = UIInterfaceOrientationPortrait;
				INFOPLIST_KEY_UISupportedInterfaceOrientations_iPad = "UIInterfaceOrientationPortrait UIInterfaceOrientationPortraitUpsideDown UIInterfaceOrientationLandscapeLeft UIInterfaceOrientationLandscapeRight";
				INFOPLIST_KEY_UISupportedInterfaceOrientations_iPhone = UIInterfaceOrientationPortrait;
				LD_RUNPATH_SEARCH_PATHS = (
					"$(inherited)",
					"@executable_path/Frameworks",
				);
				MARKETING_VERSION = 1.0;
				PRODUCT_BUNDLE_IDENTIFIER = mttm1249.GZ;
				PRODUCT_NAME = "$(TARGET_NAME)";
				SWIFT_EMIT_LOC_STRINGS = YES;
				SWIFT_VERSION = 5.0;
				TARGETED_DEVICE_FAMILY = 1;
			};
			name = Release;
		};
/* End XCBuildConfiguration section */

/* Begin XCConfigurationList section */
		DAD5E5AA282019A700C4261A /* Build configuration list for PBXProject "GZ" */ = {
			isa = XCConfigurationList;
			buildConfigurations = (
				DAD5E5C1282019A700C4261A /* Debug */,
				DAD5E5C2282019A700C4261A /* Release */,
			);
			defaultConfigurationIsVisible = 0;
			defaultConfigurationName = Release;
		};
		DAD5E5C3282019A700C4261A /* Build configuration list for PBXNativeTarget "GZ" */ = {
			isa = XCConfigurationList;
			buildConfigurations = (
				DAD5E5C4282019A700C4261A /* Debug */,
				DAD5E5C5282019A700C4261A /* Release */,
			);
			defaultConfigurationIsVisible = 0;
			defaultConfigurationName = Release;
		};
/* End XCConfigurationList section */

/* Begin XCVersionGroup section */
		DA563E0A2822B65400445AA9 /* FavoritePurchase.xcdatamodeld */ = {
			isa = XCVersionGroup;
			children = (
				DA563E0B2822B65400445AA9 /* FavoritePurchase.xcdatamodel */,
			);
			currentVersion = DA563E0B2822B65400445AA9 /* FavoritePurchase.xcdatamodel */;
			path = FavoritePurchase.xcdatamodeld;
			sourceTree = "<group>";
			versionGroupType = wrapper.xcdatamodel;
		};
/* End XCVersionGroup section */
	};
	rootObject = DAD5E5A7282019A700C4261A /* Project object */;
}
